
Microsoft Visual Studio Solution File, Format Version 12.00
# Visual Studio 15
VisualStudioVersion = 15.0.28010.2016
MinimumVisualStudioVersion = 10.0.40219.1
Project("{FAE04EC0-301F-11D3-BF4B-00C04F79EFBC}") = "OculusGoMirroring", "OculusGoMirroring\OculusGoMirroring.csproj", "{A6F600B8-396F-4F29-AB43-77939F53BBC7}"
EndProject
Global
	GlobalSection(SolutionConfigurationPlatforms) = preSolution
		Debug|Any CPU = Debug|Any CPU
		Release|Any CPU = Release|Any CPU
	EndGlobalSection
	GlobalSection(ProjectConfigurationPlatforms) = postSolution
		{A6F600B8-396F-4F29-AB43-77939F53BBC7}.Debug|Any CPU.ActiveCfg = Debug|Any CPU
		{A6F600B8-396F-4F29-AB43-77939F53BBC7}.Debug|Any CPU.Build.0 = Debug|Any CPU
		{A6F600B8-396F-4F29-AB43-77939F53BBC7}.Release|Any CPU.ActiveCfg = Release|Any CPU
		{A6F600B8-396F-4F29-AB43-77939F53BBC7}.Release|Any CPU.Build.0 = Release|Any CPU
	EndGlobalSection
	GlobalSection(SolutionProperties) = preSolution
		HideSolutionNode = FALSE
	EndGlobalSection
	GlobalSection(ExtensibilityGlobals) = postSolution
		SolutionGuid = {A55551CA-08AA-4C30-ABA8-1F3EDCC9F522}
	EndGlobalSection
EndGlobal
